
Microsoft Visual Studio Solution File, Format Version 12.00
# Visual Studio 14
VisualStudioVersion = 14.0.23107.0
MinimumVisualStudioVersion = 10.0.40219.1
Project("{2150E333-8FDC-42A3-9474-1A3956D46DE8}") = "docs", "docs", "{2E081D78-E656-458A-A407-20655F96D741}"
EndProject
Project("{2150E333-8FDC-42A3-9474-1A3956D46DE8}") = "sources", "sources", "{CE730074-BE14-44A2-95B0-A67E3C5038C5}"
EndProject
Project("{2150E333-8FDC-42A3-9474-1A3956D46DE8}") = "DataLayer", "DataLayer", "{F1240F31-422F-4DEA-92DD-4780A4D76E03}"
EndProject
Project("{2150E333-8FDC-42A3-9474-1A3956D46DE8}") = "DomainLayer", "DomainLayer", "{3403F3ED-EC22-4659-87D5-6896985A43DE}"
EndProject
Project("{2150E333-8FDC-42A3-9474-1A3956D46DE8}") = "DomainModel", "DomainModel", "{E2EF979B-5E44-4863-99EB-5CB598F33B6F}"
EndProject
Project("{2150E333-8FDC-42A3-9474-1A3956D46DE8}") = "ServiceLayer", "ServiceLayer", "{8E56A63A-38EB-4A0B-A179-72083CC9B27B}"
EndProject
Project("{2150E333-8FDC-42A3-9474-1A3956D46DE8}") = "UserInterfaces", "UserInterfaces", "{522AC479-8FC1-43AB-9346-3DCC88D14672}"
EndProject
Project("{2150E333-8FDC-42A3-9474-1A3956D46DE8}") = "Console", "Console", "{7B79E245-7ADE-43FF-A352-EB8B60FA8289}"
EndProject
Project("{FAE04EC0-301F-11D3-BF4B-00C04F79EFBC}") = "DomainModel", "DomainModel\DomainModel.csproj", "{D1759994-FC19-40FE-9BFE-258FB247D556}"
EndProject
Project("{FAE04EC0-301F-11D3-BF4B-00C04F79EFBC}") = "TestDomainModel", "TestDomainModel\TestDomainModel.csproj", "{54B03CF3-273E-4554-88FE-144C5FCBBABF}"
EndProject
Project("{FAE04EC0-301F-11D3-BF4B-00C04F79EFBC}") = "ServiceLayer", "ServiceLayer\ServiceLayer.csproj", "{2CBCCB17-9B7C-4D71-809F-6AAED41F925E}"
EndProject
Project("{FAE04EC0-301F-11D3-BF4B-00C04F79EFBC}") = "TestServiceLayer", "TestServiceLayer\TestServiceLayer.csproj", "{5247F2C0-C14E-4E22-9852-8B89019AAB1C}"
EndProject
Project("{FAE04EC0-301F-11D3-BF4B-00C04F79EFBC}") = "MyConsoleApplication", "MyConsoleApplication\MyConsoleApplication.csproj", "{B12CFE99-C5D8-4125-A007-7371A0865314}"
EndProject
Project("{FAE04EC0-301F-11D3-BF4B-00C04F79EFBC}") = "DataMapper", "DataMapper\DataMapper.csproj", "{9DB02ACF-943C-408A-8871-52569B2F1D1C}"
EndProject
Global
	GlobalSection(SolutionConfigurationPlatforms) = preSolution
		Debug|Any CPU = Debug|Any CPU
		Release|Any CPU = Release|Any CPU
	EndGlobalSection
	GlobalSection(ProjectConfigurationPlatforms) = postSolution
		{D1759994-FC19-40FE-9BFE-258FB247D556}.Debug|Any CPU.ActiveCfg = Debug|Any CPU
		{D1759994-FC19-40FE-9BFE-258FB247D556}.Debug|Any CPU.Build.0 = Debug|Any CPU
		{D1759994-FC19-40FE-9BFE-258FB247D556}.Release|Any CPU.ActiveCfg = Release|Any CPU
		{D1759994-FC19-40FE-9BFE-258FB247D556}.Release|Any CPU.Build.0 = Release|Any CPU
		{54B03CF3-273E-4554-88FE-144C5FCBBABF}.Debug|Any CPU.ActiveCfg = Debug|Any CPU
		{54B03CF3-273E-4554-88FE-144C5FCBBABF}.Debug|Any CPU.Build.0 = Debug|Any CPU
		{54B03CF3-273E-4554-88FE-144C5FCBBABF}.Release|Any CPU.ActiveCfg = Release|Any CPU
		{54B03CF3-273E-4554-88FE-144C5FCBBABF}.Release|Any CPU.Build.0 = Release|Any CPU
		{2CBCCB17-9B7C-4D71-809F-6AAED41F925E}.Debug|Any CPU.ActiveCfg = Debug|Any CPU
		{2CBCCB17-9B7C-4D71-809F-6AAED41F925E}.Debug|Any CPU.Build.0 = Debug|Any CPU
		{2CBCCB17-9B7C-4D71-809F-6AAED41F925E}.Release|Any CPU.ActiveCfg = Release|Any CPU
		{2CBCCB17-9B7C-4D71-809F-6AAED41F925E}.Release|Any CPU.Build.0 = Release|Any CPU
		{5247F2C0-C14E-4E22-9852-8B89019AAB1C}.Debug|Any CPU.ActiveCfg = Debug|Any CPU
		{5247F2C0-C14E-4E22-9852-8B89019AAB1C}.Debug|Any CPU.Build.0 = Debug|Any CPU
		{5247F2C0-C14E-4E22-9852-8B89019AAB1C}.Release|Any CPU.ActiveCfg = Release|Any CPU
		{5247F2C0-C14E-4E22-9852-8B89019AAB1C}.Release|Any CPU.Build.0 = Release|Any CPU
		{B12CFE99-C5D8-4125-A007-7371A0865314}.Debug|Any CPU.ActiveCfg = Debug|Any CPU
		{B12CFE99-C5D8-4125-A007-7371A0865314}.Debug|Any CPU.Build.0 = Debug|Any CPU
		{B12CFE99-C5D8-4125-A007-7371A0865314}.Release|Any CPU.ActiveCfg = Release|Any CPU
		{B12CFE99-C5D8-4125-A007-7371A0865314}.Release|Any CPU.Build.0 = Release|Any CPU
		{9DB02ACF-943C-408A-8871-52569B2F1D1C}.Debug|Any CPU.ActiveCfg = Debug|Any CPU
		{9DB02ACF-943C-408A-8871-52569B2F1D1C}.Debug|Any CPU.Build.0 = Debug|Any CPU
		{9DB02ACF-943C-408A-8871-52569B2F1D1C}.Release|Any CPU.ActiveCfg = Release|Any CPU
		{9DB02ACF-943C-408A-8871-52569B2F1D1C}.Release|Any CPU.Build.0 = Release|Any CPU
	EndGlobalSection
	GlobalSection(SolutionProperties) = preSolution
		HideSolutionNode = FALSE
	EndGlobalSection
	GlobalSection(NestedProjects) = preSolution
		{F1240F31-422F-4DEA-92DD-4780A4D76E03} = {CE730074-BE14-44A2-95B0-A67E3C5038C5}
		{3403F3ED-EC22-4659-87D5-6896985A43DE} = {CE730074-BE14-44A2-95B0-A67E3C5038C5}
		{E2EF979B-5E44-4863-99EB-5CB598F33B6F} = {3403F3ED-EC22-4659-87D5-6896985A43DE}
		{8E56A63A-38EB-4A0B-A179-72083CC9B27B} = {3403F3ED-EC22-4659-87D5-6896985A43DE}
		{522AC479-8FC1-43AB-9346-3DCC88D14672} = {CE730074-BE14-44A2-95B0-A67E3C5038C5}
		{7B79E245-7ADE-43FF-A352-EB8B60FA8289} = {522AC479-8FC1-43AB-9346-3DCC88D14672}
		{D1759994-FC19-40FE-9BFE-258FB247D556} = {E2EF979B-5E44-4863-99EB-5CB598F33B6F}
		{54B03CF3-273E-4554-88FE-144C5FCBBABF} = {E2EF979B-5E44-4863-99EB-5CB598F33B6F}
		{2CBCCB17-9B7C-4D71-809F-6AAED41F925E} = {8E56A63A-38EB-4A0B-A179-72083CC9B27B}
		{5247F2C0-C14E-4E22-9852-8B89019AAB1C} = {8E56A63A-38EB-4A0B-A179-72083CC9B27B}
		{B12CFE99-C5D8-4125-A007-7371A0865314} = {7B79E245-7ADE-43FF-A352-EB8B60FA8289}
		{9DB02ACF-943C-408A-8871-52569B2F1D1C} = {F1240F31-422F-4DEA-92DD-4780A4D76E03}
	EndGlobalSection
EndGlobal
